
Microsoft Visual Studio Solution File, Format Version 12.00
# Visual Studio 2013
VisualStudioVersion = 12.0.30501.0
MinimumVisualStudioVersion = 10.0.40219.1
Project("{8BC9CEB8-8B4A-11D0-8D11-00A0C91BC942}") = "TestOpencv", "TestOpencv\TestOpencv.vcxproj", "{BB7F25CE-3B04-4853-9BFD-57C0C1D8391E}"
EndProject
Project("{8BC9CEB8-8B4A-11D0-8D11-00A0C91BC942}") = "TestDataset", "TestDataset\TestDataset.vcxproj", "{45FCF0A2-CAFA-426E-BBD8-B9BAE8DAF668}"
EndProject
Global
	GlobalSection(SolutionConfigurationPlatforms) = preSolution
		Debug|Win32 = Debug|Win32
		Release|Win32 = Release|Win32
	EndGlobalSection
	GlobalSection(ProjectConfigurationPlatforms) = postSolution
		{BB7F25CE-3B04-4853-9BFD-57C0C1D8391E}.Debug|Win32.ActiveCfg = Debug|Win32
		{BB7F25CE-3B04-4853-9BFD-57C0C1D8391E}.Debug|Win32.Build.0 = Debug|Win32
		{BB7F25CE-3B04-4853-9BFD-57C0C1D8391E}.Release|Win32.ActiveCfg = Release|Win32
		{BB7F25CE-3B04-4853-9BFD-57C0C1D8391E}.Release|Win32.Build.0 = Release|Win32
		{45FCF0A2-CAFA-426E-BBD8-B9BAE8DAF668}.Debug|Win32.ActiveCfg = Debug|Win32
		{45FCF0A2-CAFA-426E-BBD8-B9BAE8DAF668}.Debug|Win32.Build.0 = Debug|Win32
		{45FCF0A2-CAFA-426E-BBD8-B9BAE8DAF668}.Release|Win32.ActiveCfg = Release|Win32
		{45FCF0A2-CAFA-426E-BBD8-B9BAE8DAF668}.Release|Win32.Build.0 = Release|Win32
	EndGlobalSection
	GlobalSection(SolutionProperties) = preSolution
		HideSolutionNode = FALSE
	EndGlobalSection
EndGlobal
